
Microsoft Visual Studio Solution File, Format Version 12.00
# Visual Studio Version 17
VisualStudioVersion = 17.0.32112.339
MinimumVisualStudioVersion = 10.0.40219.1
Project("{9A19103F-16F7-4668-BE54-9A1E7A4F7556}") = "squad.API", "squad.API\squad.API.csproj", "{B758707C-54E5-4A91-92B7-EB4500784D58}"
EndProject
Global
	GlobalSection(SolutionConfigurationPlatforms) = preSolution
		Debug|Any CPU = Debug|Any CPU
		Release|Any CPU = Release|Any CPU
	EndGlobalSection
	GlobalSection(ProjectConfigurationPlatforms) = postSolution
		{B758707C-54E5-4A91-92B7-EB4500784D58}.Debug|Any CPU.ActiveCfg = Debug|Any CPU
		{B758707C-54E5-4A91-92B7-EB4500784D58}.Debug|Any CPU.Build.0 = Debug|Any CPU
		{B758707C-54E5-4A91-92B7-EB4500784D58}.Release|Any CPU.ActiveCfg = Release|Any CPU
		{B758707C-54E5-4A91-92B7-EB4500784D58}.Release|Any CPU.Build.0 = Release|Any CPU
	EndGlobalSection
	GlobalSection(SolutionProperties) = preSolution
		HideSolutionNode = FALSE
	EndGlobalSection
	GlobalSection(ExtensibilityGlobals) = postSolution
		SolutionGuid = {CE411C51-9158-4663-9C7B-ECFD26154A98}
	EndGlobalSection
EndGlobal
